# THIS IS AN AUTOGENERATED FILE. DO NOT EDIT THIS FILE DIRECTLY.
# yarn lockfile v1


"@napi-rs/cli@^2.5.0":
  version "2.5.0"
  resolved "https://registry.yarnpkg.com/@napi-rs/cli/-/cli-2.5.0.tgz#68cbf772e977d3b9d80b300c1225766460514a7c"
  integrity sha512-OstHFxgQaGFgir0XfvHLstpxhYY+YLafUKQSyAAAIW8QerlgmijDnZa0Oka7QkdYbVEPw6mFCuxu7JiPYF+SYw==
