# THIS IS AN AUTOGENERATED FILE. DO NOT EDIT THIS FILE DIRECTLY.
# yarn lockfile v1


"@algolia/autocomplete-core@1.5.2":
  version "1.5.2"
  resolved "https://registry.yarnpkg.com/@algolia/autocomplete-core/-/autocomplete-core-1.5.2.tgz#ec0178e07b44fd74a057728ac157291b26cecf37"
  integrity sha512-DY0bhyczFSS1b/CqJlTE/nQRtnTAHl6IemIkBy0nEWnhDzRDdtdx4p5Uuk3vwAFxwEEgi1WqKwgSSMx6DpNL4A==
  dependencies:
    "@algolia/autocomplete-shared" "1.5.2"

"@algolia/autocomplete-preset-algolia@1.5.2":
  version "1.5.2"
  resolved "https://registry.yarnpkg.com/@algolia/autocomplete-preset-algolia/-/autocomplete-preset-algolia-1.5.2.tgz#36c5638cc6dba6ea46a86e5a0314637ca40a77ca"
  integrity sha512-3MRYnYQFJyovANzSX2CToS6/5cfVjbLLqFsZTKcvF3abhQzxbqwwaMBlJtt620uBUOeMzhdfasKhCc40+RHiZw==
  dependencies:
    "@algolia/autocomplete-shared" "1.5.2"

"@algolia/autocomplete-shared@1.5.2":
  version "1.5.2"
  resolved "https://registry.yarnpkg.com/@algolia/autocomplete-shared/-/autocomplete-shared-1.5.2.tgz#e157f9ad624ab8fd940ff28bd2094cdf199cdd79"
  integrity sha512-ylQAYv5H0YKMfHgVWX0j0NmL8XBcAeeeVQUmppnnMtzDbDnca6CzhKj3Q8eF9cHCgcdTDdb5K+3aKyGWA0obug==

"@algolia/cache-browser-local-storage@4.13.0":
  version "4.13.0"
  resolved "https://registry.yarnpkg.com/@algolia/cache-browser-local-storage/-/cache-browser-local-storage-4.13.0.tgz#f8aa4fe31104b19d616ea392f9ed5c2ea847d964"
  integrity sha512-nj1vHRZauTqP/bluwkRIgEADEimqojJgoTRCel5f6q8WCa9Y8QeI4bpDQP28FoeKnDRYa3J5CauDlN466jqRhg==
  dependencies:
    "@algolia/cache-common" "4.13.0"

"@algolia/cache-common@4.13.0":
  version "4.13.0"
  resolved "https://registry.yarnpkg.com/@algolia/cache-common/-/cache-common-4.13.0.tgz#27b83fd3939d08d72261b36a07eeafc4cb4d2113"
  integrity sha512-f9mdZjskCui/dA/fA/5a+6hZ7xnHaaZI5tM/Rw9X8rRB39SUlF/+o3P47onZ33n/AwkpSbi5QOyhs16wHd55kA==

"@algolia/cache-in-memory@4.13.0":
  version "4.13.0"
  resolved "https://registry.yarnpkg.com/@algolia/cache-in-memory/-/cache-in-memory-4.13.0.tgz#10801a74550cbabb64b59ff08c56bce9c278ff2d"
  integrity sha512-hHdc+ahPiMM92CQMljmObE75laYzNFYLrNOu0Q3/eyvubZZRtY2SUsEEgyUEyzXruNdzrkcDxFYa7YpWBJYHAg==
  dependencies:
    "@algolia/cache-common" "4.13.0"

"@algolia/client-account@4.13.0":
  version "4.13.0"
  resolved "https://registry.yarnpkg.com/@algolia/client-account/-/client-account-4.13.0.tgz#f8646dd40d1e9e3353e10abbd5d6c293ea92a8e2"
  integrity sha512-FzFqFt9b0g/LKszBDoEsW+dVBuUe1K3scp2Yf7q6pgHWM1WqyqUlARwVpLxqyc+LoyJkTxQftOKjyFUqddnPKA==
  dependencies:
    "@algolia/client-common" "4.13.0"
    "@algolia/client-search" "4.13.0"
    "@algolia/transporter" "4.13.0"

"@algolia/client-analytics@4.13.0":
  version "4.13.0"
  resolved "https://registry.yarnpkg.com/@algolia/client-analytics/-/client-analytics-4.13.0.tgz#a00bd02df45d71becb9dd4c5c993d805f2e1786d"
  integrity sha512-klmnoq2FIiiMHImkzOm+cGxqRLLu9CMHqFhbgSy9wtXZrqb8BBUIUE2VyBe7azzv1wKcxZV2RUyNOMpFqmnRZA==
  dependencies:
    "@algolia/client-common" "4.13.0"
    "@algolia/client-search" "4.13.0"
    "@algolia/requester-common" "4.13.0"
    "@algolia/transporter" "4.13.0"

"@algolia/client-common@4.13.0":
  version "4.13.0"
  resolved "https://registry.yarnpkg.com/@algolia/client-common/-/client-common-4.13.0.tgz#8bc373d164dbdcce38b4586912bbe162492bcb86"
  integrity sha512-GoXfTp0kVcbgfSXOjfrxx+slSipMqGO9WnNWgeMmru5Ra09MDjrcdunsiiuzF0wua6INbIpBQFTC2Mi5lUNqGA==
  dependencies:
    "@algolia/requester-common" "4.13.0"
    "@algolia/transporter" "4.13.0"

"@algolia/client-personalization@4.13.0":
  version "4.13.0"
  resolved "https://registry.yarnpkg.com/@algolia/client-personalization/-/client-personalization-4.13.0.tgz#10fb7af356422551f11a67222b39c52306f1512c"
  integrity sha512-KneLz2WaehJmNfdr5yt2HQETpLaCYagRdWwIwkTqRVFCv4DxRQ2ChPVW9jeTj4YfAAhfzE6F8hn7wkQ/Jfj6ZA==
  dependencies:
    "@algolia/client-common" "4.13.0"
    "@algolia/requester-common" "4.13.0"
    "@algolia/transporter" "4.13.0"

"@algolia/client-search@4.13.0":
  version "4.13.0"
  resolved "https://registry.yarnpkg.com/@algolia/client-search/-/client-search-4.13.0.tgz#2d8ff8e755c4a37ec89968f3f9b358eed005c7f0"
  integrity sha512-blgCKYbZh1NgJWzeGf+caKE32mo3j54NprOf0LZVCubQb3Kx37tk1Hc8SDs9bCAE8hUvf3cazMPIg7wscSxspA==
  dependencies:
    "@algolia/client-common" "4.13.0"
    "@algolia/requester-common" "4.13.0"
    "@algolia/transporter" "4.13.0"

"@algolia/logger-common@4.13.0":
  version "4.13.0"
  resolved "https://registry.yarnpkg.com/@algolia/logger-common/-/logger-common-4.13.0.tgz#be2606e71aae618a1ff1ea9a1b5f5a74284b35a8"
  integrity sha512-8yqXk7rMtmQJ9wZiHOt/6d4/JDEg5VCk83gJ39I+X/pwUPzIsbKy9QiK4uJ3aJELKyoIiDT1hpYVt+5ia+94IA==

"@algolia/logger-console@4.13.0":
  version "4.13.0"
  resolved "https://registry.yarnpkg.com/@algolia/logger-console/-/logger-console-4.13.0.tgz#f28028a760e3d9191e28a10b12925e48f6c9afde"
  integrity sha512-YepRg7w2/87L0vSXRfMND6VJ5d6699sFJBRWzZPOlek2p5fLxxK7O0VncYuc/IbVHEgeApvgXx0WgCEa38GVuQ==
  dependencies:
    "@algolia/logger-common" "4.13.0"

"@algolia/requester-browser-xhr@4.13.0":
  version "4.13.0"
  resolved "https://registry.yarnpkg.com/@algolia/requester-browser-xhr/-/requester-browser-xhr-4.13.0.tgz#e2483f4e8d7f09e27cd0daf6c77711d15c5a919f"
  integrity sha512-Dj+bnoWR5MotrnjblzGKZ2kCdQi2cK/VzPURPnE616NU/il7Ypy6U6DLGZ/ZYz+tnwPa0yypNf21uqt84fOgrg==
  dependencies:
    "@algolia/requester-common" "4.13.0"

"@algolia/requester-common@4.13.0":
  version "4.13.0"
  resolved "https://registry.yarnpkg.com/@algolia/requester-common/-/requester-common-4.13.0.tgz#47fb3464cfb26b55ba43676d13f295d812830596"
  integrity sha512-BRTDj53ecK+gn7ugukDWOOcBRul59C4NblCHqj4Zm5msd5UnHFjd/sGX+RLOEoFMhetILAnmg6wMrRrQVac9vw==

"@algolia/requester-node-http@4.13.0":
  version "4.13.0"
  resolved "https://registry.yarnpkg.com/@algolia/requester-node-http/-/requester-node-http-4.13.0.tgz#7d981bbd31492f51dd11820a665f9d8906793c37"
  integrity sha512-9b+3O4QFU4azLhGMrZAr/uZPydvzOR4aEZfSL8ZrpLZ7fbbqTO0S/5EVko+QIgglRAtVwxvf8UJ1wzTD2jvKxQ==
  dependencies:
    "@algolia/requester-common" "4.13.0"

"@algolia/transporter@4.13.0":
  version "4.13.0"
  resolved "https://registry.yarnpkg.com/@algolia/transporter/-/transporter-4.13.0.tgz#f6379e5329efa2127da68c914d1141f5f21dbd07"
  integrity sha512-8tSQYE+ykQENAdeZdofvtkOr5uJ9VcQSWgRhQ9h01AehtBIPAczk/b2CLrMsw5yQZziLs5cZ3pJ3478yI+urhA==
  dependencies:
    "@algolia/cache-common" "4.13.0"
    "@algolia/logger-common" "4.13.0"
    "@algolia/requester-common" "4.13.0"

"@babel/parser@^7.16.4":
  version "7.17.8"
  resolved "https://registry.yarnpkg.com/@babel/parser/-/parser-7.17.8.tgz#2817fb9d885dd8132ea0f8eb615a6388cca1c240"
  integrity sha512-BoHhDJrJXqcg+ZL16Xv39H9n+AqJ4pcDrQBGZN+wHxIysrLZ3/ECwCBUch/1zUNhnsXULcONU3Ei5Hmkfk6kiQ==

"@docsearch/css@3.0.0", "@docsearch/css@^3.0.0-alpha.41":
  version "3.0.0"
  resolved "https://registry.yarnpkg.com/@docsearch/css/-/css-3.0.0.tgz#fe57b474802ffd706d3246eab25d52fac8aa3698"
  integrity sha512-1kkV7tkAsiuEd0shunYRByKJe3xQDG2q7wYg24SOw1nV9/2lwEd4WrUYRJC/ukGTl2/kHeFxsaUvtiOy0y6fFA==

"@docsearch/js@^3.0.0-alpha.41":
  version "3.0.0"
  resolved "https://registry.yarnpkg.com/@docsearch/js/-/js-3.0.0.tgz#394a99f68895503d57faf523ecec0b25b02f638c"
  integrity sha512-j3tUJWlgW3slYqzGB8fm7y05kh2qqrIK1dZOXHeMUm/5gdKE85fiz/ltfCPMDFb/MXF+bLZChJXSMzqY0Ck30Q==
  dependencies:
    "@docsearch/react" "3.0.0"
    preact "^10.0.0"

"@docsearch/react@3.0.0":
  version "3.0.0"
  resolved "https://registry.yarnpkg.com/@docsearch/react/-/react-3.0.0.tgz#d02ebdc67573412185a6a4df13bc254c7c0da491"
  integrity sha512-yhMacqS6TVQYoBh/o603zszIb5Bl8MIXuOc6Vy617I74pirisDzzcNh0NEaYQt50fVVR3khUbeEhUEWEWipESg==
  dependencies:
    "@algolia/autocomplete-core" "1.5.2"
    "@algolia/autocomplete-preset-algolia" "1.5.2"
    "@docsearch/css" "3.0.0"
    algoliasearch "^4.0.0"

"@vitejs/plugin-vue@^2.2.0":
  version "2.3.1"
  resolved "https://registry.yarnpkg.com/@vitejs/plugin-vue/-/plugin-vue-2.3.1.tgz#5f286b8d3515381c6d5c8fa8eee5e6335f727e14"
  integrity sha512-YNzBt8+jt6bSwpt7LP890U1UcTOIZZxfpE5WOJ638PNxSEKOqAi0+FSKS0nVeukfdZ0Ai/H7AFd6k3hayfGZqQ==

"@vue/compiler-core@3.2.31":
  version "3.2.31"
  resolved "https://registry.yarnpkg.com/@vue/compiler-core/-/compiler-core-3.2.31.tgz#d38f06c2cf845742403b523ab4596a3fda152e89"
  integrity sha512-aKno00qoA4o+V/kR6i/pE+aP+esng5siNAVQ422TkBNM6qA4veXiZbSe8OTXHXquEi/f6Akc+nLfB4JGfe4/WQ==
  dependencies:
    "@babel/parser" "^7.16.4"
    "@vue/shared" "3.2.31"
    estree-walker "^2.0.2"
    source-map "^0.6.1"

"@vue/compiler-dom@3.2.31":
  version "3.2.31"
  resolved "https://registry.yarnpkg.com/@vue/compiler-dom/-/compiler-dom-3.2.31.tgz#b1b7dfad55c96c8cc2b919cd7eb5fd7e4ddbf00e"
  integrity sha512-60zIlFfzIDf3u91cqfqy9KhCKIJgPeqxgveH2L+87RcGU/alT6BRrk5JtUso0OibH3O7NXuNOQ0cDc9beT0wrg==
  dependencies:
    "@vue/compiler-core" "3.2.31"
    "@vue/shared" "3.2.31"

"@vue/compiler-sfc@3.2.31":
  version "3.2.31"
  resolved "https://registry.yarnpkg.com/@vue/compiler-sfc/-/compiler-sfc-3.2.31.tgz#d02b29c3fe34d599a52c5ae1c6937b4d69f11c2f"
  integrity sha512-748adc9msSPGzXgibHiO6T7RWgfnDcVQD+VVwYgSsyyY8Ans64tALHZANrKtOzvkwznV/F4H7OAod/jIlp/dkQ==
  dependencies:
    "@babel/parser" "^7.16.4"
    "@vue/compiler-core" "3.2.31"
    "@vue/compiler-dom" "3.2.31"
    "@vue/compiler-ssr" "3.2.31"
    "@vue/reactivity-transform" "3.2.31"
    "@vue/shared" "3.2.31"
    estree-walker "^2.0.2"
    magic-string "^0.25.7"
    postcss "^8.1.10"
    source-map "^0.6.1"

"@vue/compiler-ssr@3.2.31":
  version "3.2.31"
  resolved "https://registry.yarnpkg.com/@vue/compiler-ssr/-/compiler-ssr-3.2.31.tgz#4fa00f486c9c4580b40a4177871ebbd650ecb99c"
  integrity sha512-mjN0rqig+A8TVDnsGPYJM5dpbjlXeHUm2oZHZwGyMYiGT/F4fhJf/cXy8QpjnLQK4Y9Et4GWzHn9PS8AHUnSkw==
  dependencies:
    "@vue/compiler-dom" "3.2.31"
    "@vue/shared" "3.2.31"

"@vue/reactivity-transform@3.2.31":
  version "3.2.31"
  resolved "https://registry.yarnpkg.com/@vue/reactivity-transform/-/reactivity-transform-3.2.31.tgz#0f5b25c24e70edab2b613d5305c465b50fc00911"
  integrity sha512-uS4l4z/W7wXdI+Va5pgVxBJ345wyGFKvpPYtdSgvfJfX/x2Ymm6ophQlXXB6acqGHtXuBqNyyO3zVp9b1r0MOA==
  dependencies:
    "@babel/parser" "^7.16.4"
    "@vue/compiler-core" "3.2.31"
    "@vue/shared" "3.2.31"
    estree-walker "^2.0.2"
    magic-string "^0.25.7"

"@vue/reactivity@3.2.31":
  version "3.2.31"
  resolved "https://registry.yarnpkg.com/@vue/reactivity/-/reactivity-3.2.31.tgz#fc90aa2cdf695418b79e534783aca90d63a46bbd"
  integrity sha512-HVr0l211gbhpEKYr2hYe7hRsV91uIVGFYNHj73njbARVGHQvIojkImKMaZNDdoDZOIkMsBc9a1sMqR+WZwfSCw==
  dependencies:
    "@vue/shared" "3.2.31"

"@vue/runtime-core@3.2.31":
  version "3.2.31"
  resolved "https://registry.yarnpkg.com/@vue/runtime-core/-/runtime-core-3.2.31.tgz#9d284c382f5f981b7a7b5971052a1dc4ef39ac7a"
  integrity sha512-Kcog5XmSY7VHFEMuk4+Gap8gUssYMZ2+w+cmGI6OpZWYOEIcbE0TPzzPHi+8XTzAgx1w/ZxDFcXhZeXN5eKWsA==
  dependencies:
    "@vue/reactivity" "3.2.31"
    "@vue/shared" "3.2.31"

"@vue/runtime-dom@3.2.31":
  version "3.2.31"
  resolved "https://registry.yarnpkg.com/@vue/runtime-dom/-/runtime-dom-3.2.31.tgz#79ce01817cb3caf2c9d923f669b738d2d7953eff"
  integrity sha512-N+o0sICVLScUjfLG7u9u5XCjvmsexAiPt17GNnaWHJUfsKed5e85/A3SWgKxzlxx2SW/Hw7RQxzxbXez9PtY3g==
  dependencies:
    "@vue/runtime-core" "3.2.31"
    "@vue/shared" "3.2.31"
    csstype "^2.6.8"

"@vue/server-renderer@3.2.31":
  version "3.2.31"
  resolved "https://registry.yarnpkg.com/@vue/server-renderer/-/server-renderer-3.2.31.tgz#201e9d6ce735847d5989403af81ef80960da7141"
  integrity sha512-8CN3Zj2HyR2LQQBHZ61HexF5NReqngLT3oahyiVRfSSvak+oAvVmu8iNLSu6XR77Ili2AOpnAt1y8ywjjqtmkg==
  dependencies:
    "@vue/compiler-ssr" "3.2.31"
    "@vue/shared" "3.2.31"

"@vue/shared@3.2.31":
  version "3.2.31"
  resolved "https://registry.yarnpkg.com/@vue/shared/-/shared-3.2.31.tgz#c90de7126d833dcd3a4c7534d534be2fb41faa4e"
  integrity sha512-ymN2pj6zEjiKJZbrf98UM2pfDd6F2H7ksKw7NDt/ZZ1fh5Ei39X5tABugtT03ZRlWd9imccoK0hE8hpjpU7irQ==

algoliasearch@^4.0.0:
  version "4.13.0"
  resolved "https://registry.yarnpkg.com/algoliasearch/-/algoliasearch-4.13.0.tgz#e36611fda82b1fc548c156ae7929a7f486e4b663"
  integrity sha512-oHv4faI1Vl2s+YC0YquwkK/TsaJs79g2JFg5FDm2rKN12VItPTAeQ7hyJMHarOPPYuCnNC5kixbtcqvb21wchw==
  dependencies:
    "@algolia/cache-browser-local-storage" "4.13.0"
    "@algolia/cache-common" "4.13.0"
    "@algolia/cache-in-memory" "4.13.0"
    "@algolia/client-account" "4.13.0"
    "@algolia/client-analytics" "4.13.0"
    "@algolia/client-common" "4.13.0"
    "@algolia/client-personalization" "4.13.0"
    "@algolia/client-search" "4.13.0"
    "@algolia/logger-common" "4.13.0"
    "@algolia/logger-console" "4.13.0"
    "@algolia/requester-browser-xhr" "4.13.0"
    "@algolia/requester-common" "4.13.0"
    "@algolia/requester-node-http" "4.13.0"
    "@algolia/transporter" "4.13.0"

csstype@^2.6.8:
  version "2.6.20"
  resolved "https://registry.yarnpkg.com/csstype/-/csstype-2.6.20.tgz#9229c65ea0b260cf4d3d997cb06288e36a8d6dda"
  integrity sha512-/WwNkdXfckNgw6S5R125rrW8ez139lBHWouiBvX8dfMFtcn6V81REDqnH7+CRpRipfYlyU1CmOnOxrmGcFOjeA==

esbuild-android-64@0.14.30:
  version "0.14.30"
  resolved "https://registry.yarnpkg.com/esbuild-android-64/-/esbuild-android-64-0.14.30.tgz#9efcdb3d826b9c67705a0c518d361ab44ae4cc5b"
  integrity sha512-vdJ7t8A8msPfKpYUGUV/KaTQRiZ0vDa2XSTlzXVkGGVHLKPeb85PBUtYJcEgw3htW3IdX5i1t1IMdQCwJJgNAg==

esbuild-android-arm64@0.14.30:
  version "0.14.30"
  resolved "https://registry.yarnpkg.com/esbuild-android-arm64/-/esbuild-android-arm64-0.14.30.tgz#7b90fa7578b94da047e0bf3da477cb5775b58664"
  integrity sha512-BdgGfxeA5hBQNErLr7BWJUA8xjflEfyaARICy8e0OJYNSAwDbEzOf8LyiKWSrDcgV129mWhi3VpbNQvOIDEHcg==

esbuild-darwin-64@0.14.30:
  version "0.14.30"
  resolved "https://registry.yarnpkg.com/esbuild-darwin-64/-/esbuild-darwin-64-0.14.30.tgz#275e40eb100286b868d4cd664e6447b53400f7ff"
  integrity sha512-VRaOXMMrsG5n53pl4qFZQdXy2+E0NoLP/QH3aDUI0+bQP+ZHDmbINKcDy2IX7GVFI9kqPS18iJNAs5a6/G2LZg==

esbuild-darwin-arm64@0.14.30:
  version "0.14.30"
  resolved "https://registry.yarnpkg.com/esbuild-darwin-arm64/-/esbuild-darwin-arm64-0.14.30.tgz#c2b8fe03fb0dcee1d227b226c9c921de71e4d411"
  integrity sha512-qDez+fHMOrO9Oc9qjt/x+sy09RJVh62kik5tVybKRLmezeV4qczM9/sAYY57YN0aWLdHbcCj2YqJUWYJNsgKnw==

esbuild-freebsd-64@0.14.30:
  version "0.14.30"
  resolved "https://registry.yarnpkg.com/esbuild-freebsd-64/-/esbuild-freebsd-64-0.14.30.tgz#328bb272ce6cfcae202b6e0a06c240036335cc91"
  integrity sha512-mec1jENcImVVagddZlGWsdAUwBnzR5cgnhzCxv+9fSMxKbx1uZYLLUAnLPp8m/i934zrumR1xGjJ5VoWdPlI2w==

esbuild-freebsd-arm64@0.14.30:
  version "0.14.30"
  resolved "https://registry.yarnpkg.com/esbuild-freebsd-arm64/-/esbuild-freebsd-arm64-0.14.30.tgz#49ce79fa7d7087a941e27432da46bafb5b35a979"
  integrity sha512-cpjbTs6Iok/AfeB0JgTzyUJTMStC1SQULmany5nHx6S4GTkSgaAHuJzZO0GcVWqghI4e0YL/bjXAhN5Mn6feNw==

esbuild-linux-32@0.14.30:
  version "0.14.30"
  resolved "https://registry.yarnpkg.com/esbuild-linux-32/-/esbuild-linux-32-0.14.30.tgz#c473299f5291130f6d4436808603b529ccbfa785"
  integrity sha512-liIONVT4F2kZmOMwtwASqZ8WkIjb5HHBR9HUffdHiuotSTF3CyZO+EJf+Og+SYYuuVIvt0qHNSFjBA/iSESteQ==

esbuild-linux-64@0.14.30:
  version "0.14.30"
  resolved "https://registry.yarnpkg.com/esbuild-linux-64/-/esbuild-linux-64-0.14.30.tgz#b4be59f0665a44574a7617c9db673943da6061f8"
  integrity sha512-LUnpzoMpRqFON5En4qEj6NWiyH6a1K+Y2qYNKrCy5qPTjDoG/EWeqMz69n8Uv7pRuvDKl3FNGJ1dufTrA5i0sw==

esbuild-linux-arm64@0.14.30:
  version "0.14.30"
  resolved "https://registry.yarnpkg.com/esbuild-linux-arm64/-/esbuild-linux-arm64-0.14.30.tgz#78485a9f49858ea69ced85c3dd0fe58d354f20f8"
  integrity sha512-DHZHn6FK5q/KL0fpNT/0jE38Nnyk2rXxKE9WENi95EXtqfOLPgE8tzjTZQNgpr61R95QX4ymQU26ni3IZk8buQ==

esbuild-linux-arm@0.14.30:
  version "0.14.30"
  resolved "https://registry.yarnpkg.com/esbuild-linux-arm/-/esbuild-linux-arm-0.14.30.tgz#00392bbe04ac687dd6d9849ecee302bc27f984f2"
  integrity sha512-97T+bbXnpqf7mfIG49UR7ZSJFGgvc22byn74qw3Kx2GDCBSQoVFjyWuKOHGXp8nXk3XYrdFF+mQ8yQ7aNsgQvg==

esbuild-linux-mips64le@0.14.30:
  version "0.14.30"
  resolved "https://registry.yarnpkg.com/esbuild-linux-mips64le/-/esbuild-linux-mips64le-0.14.30.tgz#cf48a292037c3a9ca3ca84ec0ae4f47bf1247ab4"
  integrity sha512-fLUzTFZ7uknC0aPTk7/lM7NmaG/9ZqE3SaHEphcaM009SZK/mDOvZugWi1ss6WGNhk13dUrhkfHcc4FSb9hYhg==

esbuild-linux-ppc64le@0.14.30:
  version "0.14.30"
  resolved "https://registry.yarnpkg.com/esbuild-linux-ppc64le/-/esbuild-linux-ppc64le-0.14.30.tgz#8e448a54e7040829ee9ecfc68dab0f3a039b1cff"
  integrity sha512-2Oudm2WEfj0dNU9bzIl5L/LrsMEmHWsOsYgJJqu8fDyUDgER+J1d33qz3cUdjsJk7gAENayIxDSpsuCszx0w3A==

esbuild-linux-riscv64@0.14.30:
  version "0.14.30"
  resolved "https://registry.yarnpkg.com/esbuild-linux-riscv64/-/esbuild-linux-riscv64-0.14.30.tgz#118af007f21adb00c4362d5eda3f004290f4d0ef"
  integrity sha512-RPMucPW47rV4t2jlelaE948iCRtbZf5RhifxSwzlpM1Mqdyu99MMNK0w4jFreGTmLN+oGomxIOxD6n+2E/XqHw==

esbuild-linux-s390x@0.14.30:
  version "0.14.30"
  resolved "https://registry.yarnpkg.com/esbuild-linux-s390x/-/esbuild-linux-s390x-0.14.30.tgz#e0649e26d8791bf6265685842dcef732de59b49b"
  integrity sha512-OZ68r7ok6qO7hdwrwQn2p5jbIRRcUcVaAykB7e0uCA0ODwfeGunILM6phJtq2Oz4dlEEFvd+tSuma3paQKwt+A==

esbuild-netbsd-64@0.14.30:
  version "0.14.30"
  resolved "https://registry.yarnpkg.com/esbuild-netbsd-64/-/esbuild-netbsd-64-0.14.30.tgz#7653db21ab4379a1b557f338b040e3493ff5006c"
  integrity sha512-iyejQUKn0TzpPkufq8pSCxOg9NheycQbMbPCmjefTe9wYuUlBt1TcHvdoJnYbQzsAhAh1BNq+s0ycRsIJFZzaQ==

esbuild-openbsd-64@0.14.30:
  version "0.14.30"
  resolved "https://registry.yarnpkg.com/esbuild-openbsd-64/-/esbuild-openbsd-64-0.14.30.tgz#3fad1699cb2ca7a060585356e2881df7b3fa5bb1"
  integrity sha512-UyK1MTMcy4j5fH260fsE1o6MVgWNhb62eCK2yCKCRazZv8Nqdc2WiP9ygjWidmEdCDS+A6MuVp9ozk9uoQtQpA==

esbuild-sunos-64@0.14.30:
  version "0.14.30"
  resolved "https://registry.yarnpkg.com/esbuild-sunos-64/-/esbuild-sunos-64-0.14.30.tgz#2306a178dc2362cf32fc182327c21b49b78ca1a3"
  integrity sha512-aQRtRTNKHB4YuG+xXATe5AoRTNY48IJg5vjE8ElxfmjO9+KdX7MHFkTLhlKevCD6rNANtB3qOlSIeAiXTwHNqw==

esbuild-windows-32@0.14.30:
  version "0.14.30"
  resolved "https://registry.yarnpkg.com/esbuild-windows-32/-/esbuild-windows-32-0.14.30.tgz#ea17b2a9468e346734f926a7edd49de3cc81d12f"
  integrity sha512-9/fb1tPtpacMqxAXp3fGHowUDg/l9dVch5hKmCLEZC6PdGljh6h372zMdJwYfH0Bd5CCPT0Wx95uycBLJiqpXA==

esbuild-windows-64@0.14.30:
  version "0.14.30"
  resolved "https://registry.yarnpkg.com/esbuild-windows-64/-/esbuild-windows-64-0.14.30.tgz#266147f1f45974ac61dece10ab32bc916050dcc2"
  integrity sha512-DHgITeUhPAnN9I5O6QBa1GVyPOhiYCn4S4TtQr7sO4+X0LNyqnlmA1M0qmGkUdDC1QQfjI8uQ4G/whdWb2pWIQ==

esbuild-windows-arm64@0.14.30:
  version "0.14.30"
  resolved "https://registry.yarnpkg.com/esbuild-windows-arm64/-/esbuild-windows-arm64-0.14.30.tgz#8e5e9c2455bffaf3e1a387eee4841f5c3797b8a8"
  integrity sha512-F1kLyQH7zSgjh5eLxogGZN7C9+KNs9m+s7Q6WZoMmCWT/6j998zlaoECHyM8izJRRfsvw2eZlEa1jO6/IOU1AQ==

esbuild@^0.14.27:
  version "0.14.30"
  resolved "https://registry.yarnpkg.com/esbuild/-/esbuild-0.14.30.tgz#8bf6501a58f71e622e7485aeada79c764c1affe4"
  integrity sha512-wCecQSBkIjp2xjuXY+wcXS/PpOQo9rFh4NAKPh4Pm9f3fuLcnxkR0rDzA+mYP88FtXIUcXUyYmaIgfrzRl55jA==
  optionalDependencies:
    esbuild-android-64 "0.14.30"
    esbuild-android-arm64 "0.14.30"
    esbuild-darwin-64 "0.14.30"
    esbuild-darwin-arm64 "0.14.30"
    esbuild-freebsd-64 "0.14.30"
    esbuild-freebsd-arm64 "0.14.30"
    esbuild-linux-32 "0.14.30"
    esbuild-linux-64 "0.14.30"
    esbuild-linux-arm "0.14.30"
    esbuild-linux-arm64 "0.14.30"
    esbuild-linux-mips64le "0.14.30"
    esbuild-linux-ppc64le "0.14.30"
    esbuild-linux-riscv64 "0.14.30"
    esbuild-linux-s390x "0.14.30"
    esbuild-netbsd-64 "0.14.30"
    esbuild-openbsd-64 "0.14.30"
    esbuild-sunos-64 "0.14.30"
    esbuild-windows-32 "0.14.30"
    esbuild-windows-64 "0.14.30"
    esbuild-windows-arm64 "0.14.30"

estree-walker@^2.0.2:
  version "2.0.2"
  resolved "https://registry.yarnpkg.com/estree-walker/-/estree-walker-2.0.2.tgz#52f010178c2a4c117a7757cfe942adb7d2da4cac"
  integrity sha512-Rfkk/Mp/DL7JVje3u18FxFujQlTNR2q6QfMSMB7AvCBx91NGj/ba3kCfza0f6dVDbw7YlRf/nDrn7pQrCCyQ/w==

fsevents@~2.3.2:
  version "2.3.2"
  resolved "https://registry.yarnpkg.com/fsevents/-/fsevents-2.3.2.tgz#8a526f78b8fdf4623b709e0b975c52c24c02fd1a"
  integrity sha512-xiqMQR4xAeHTuB9uWm+fFRcIOgKBMiOBP+eXiyT7jsgVCq1bkVygt00oASowB7EdtpOHaaPgKt812P9ab+DDKA==

function-bind@^1.1.1:
  version "1.1.1"
  resolved "https://registry.yarnpkg.com/function-bind/-/function-bind-1.1.1.tgz#a56899d3ea3c9bab874bb9773b7c5ede92f4895d"
  integrity sha512-yIovAzMX49sF8Yl58fSCWJ5svSLuaibPxXQJFLmBObTuCr0Mf1KiPopGM9NiFjiYBCbfaa2Fh6breQ6ANVTI0A==

has@^1.0.3:
  version "1.0.3"
  resolved "https://registry.yarnpkg.com/has/-/has-1.0.3.tgz#722d7cbfc1f6aa8241f16dd814e011e1f41e8796"
  integrity sha512-f2dvO0VU6Oej7RkWJGrehjbzMAjFp5/VKPp5tTpWIV4JHHZK1/BxbFRtf/siA2SWTe09caDmVtYYzWEIbBS4zw==
  dependencies:
    function-bind "^1.1.1"

is-core-module@^2.8.1:
  version "2.8.1"
  resolved "https://registry.yarnpkg.com/is-core-module/-/is-core-module-2.8.1.tgz#f59fdfca701d5879d0a6b100a40aa1560ce27211"
  integrity sha512-SdNCUs284hr40hFTFP6l0IfZ/RSrMXF3qgoRHd3/79unUTvrFO/JoXwkGm+5J/Oe3E/b5GsnG330uUNgRpu1PA==
  dependencies:
    has "^1.0.3"

magic-string@^0.25.7:
  version "0.25.9"
  resolved "https://registry.yarnpkg.com/magic-string/-/magic-string-0.25.9.tgz#de7f9faf91ef8a1c91d02c2e5314c8277dbcdd1c"
  integrity sha512-RmF0AsMzgt25qzqqLc1+MbHmhdx0ojF2Fvs4XnOqz2ZOBXzzkEwc/dJQZCYHAn7v1jbVOjAZfK8msRn4BxO4VQ==
  dependencies:
    sourcemap-codec "^1.4.8"

nanoid@^3.3.1:
  version "3.3.2"
  resolved "https://registry.yarnpkg.com/nanoid/-/nanoid-3.3.2.tgz#c89622fafb4381cd221421c69ec58547a1eec557"
  integrity sha512-CuHBogktKwpm5g2sRgv83jEy2ijFzBwMoYA60orPDR7ynsLijJDqgsi4RDGj3OJpy3Ieb+LYwiRmIOGyytgITA==

path-parse@^1.0.7:
  version "1.0.7"
  resolved "https://registry.yarnpkg.com/path-parse/-/path-parse-1.0.7.tgz#fbc114b60ca42b30d9daf5858e4bd68bbedb6735"
  integrity sha512-LDJzPVEEEPR+y48z93A0Ed0yXb8pAByGWo/k5YYdYgpY2/2EsOsksJrq7lOHxryrVOn1ejG6oAp8ahvOIQD8sw==

picocolors@^1.0.0:
  version "1.0.0"
  resolved "https://registry.yarnpkg.com/picocolors/-/picocolors-1.0.0.tgz#cb5bdc74ff3f51892236eaf79d68bc44564ab81c"
  integrity sha512-1fygroTLlHu66zi26VoTDv8yRgm0Fccecssto+MhsZ0D/DGW2sm8E8AjW7NU5VVTRt5GxbeZ5qBuJr+HyLYkjQ==

postcss@^8.1.10, postcss@^8.4.12:
  version "8.4.12"
  resolved "https://registry.yarnpkg.com/postcss/-/postcss-8.4.12.tgz#1e7de78733b28970fa4743f7da6f3763648b1905"
  integrity sha512-lg6eITwYe9v6Hr5CncVbK70SoioNQIq81nsaG86ev5hAidQvmOeETBqs7jm43K2F5/Ley3ytDtriImV6TpNiSg==
  dependencies:
    nanoid "^3.3.1"
    picocolors "^1.0.0"
    source-map-js "^1.0.2"

preact@^10.0.0:
  version "10.7.0"
  resolved "https://registry.yarnpkg.com/preact/-/preact-10.7.0.tgz#3bd424677a894c8199f66a881df283b44bea0eeb"
  integrity sha512-9MEURwzNMKpAil/t6+wabDIJI6oG6GnwypYxiJDvQnW+fHDTt51PYuLZ1QUM31hFr7sDaj9qTaShAF9VIxuxGQ==

prismjs@^1.25.0:
  version "1.27.0"
  resolved "https://registry.yarnpkg.com/prismjs/-/prismjs-1.27.0.tgz#bb6ee3138a0b438a3653dd4d6ce0cc6510a45057"
  integrity sha512-t13BGPUlFDR7wRB5kQDG4jjl7XeuH6jbJGt11JHPL96qwsEHNX2+68tFXqc1/k+/jALsbSWJKUOT/hcYAZ5LkA==

resolve@^1.22.0:
  version "1.22.0"
  resolved "https://registry.yarnpkg.com/resolve/-/resolve-1.22.0.tgz#5e0b8c67c15df57a89bdbabe603a002f21731198"
  integrity sha512-Hhtrw0nLeSrFQ7phPp4OOcVjLPIeMnRlr5mcnVuMe7M/7eBn98A3hmFRLoFo3DLZkivSYwhRUJTyPyWAk56WLw==
  dependencies:
    is-core-module "^2.8.1"
    path-parse "^1.0.7"
    supports-preserve-symlinks-flag "^1.0.0"

rollup@^2.59.0:
  version "2.70.1"
  resolved "https://registry.yarnpkg.com/rollup/-/rollup-2.70.1.tgz#824b1f1f879ea396db30b0fc3ae8d2fead93523e"
  integrity sha512-CRYsI5EuzLbXdxC6RnYhOuRdtz4bhejPMSWjsFLfVM/7w/85n2szZv6yExqUXsBdz5KT8eoubeyDUDjhLHEslA==
  optionalDependencies:
    fsevents "~2.3.2"

source-map-js@^1.0.2:
  version "1.0.2"
  resolved "https://registry.yarnpkg.com/source-map-js/-/source-map-js-1.0.2.tgz#adbc361d9c62df380125e7f161f71c826f1e490c"
  integrity sha512-R0XvVJ9WusLiqTCEiGCmICCMplcCkIwwR11mOSD9CR5u+IXYdiseeEuXCVAjS54zqwkLcPNnmU4OeJ6tUrWhDw==

source-map@^0.6.1:
  version "0.6.1"
  resolved "https://registry.yarnpkg.com/source-map/-/source-map-0.6.1.tgz#74722af32e9614e9c287a8d0bbde48b5e2f1a263"
  integrity sha512-UjgapumWlbMhkBgzT7Ykc5YXUT46F0iKu8SGXq0bcwP5dz/h0Plj6enJqjz1Zbq2l5WaqYnrVbwWOWMyF3F47g==

sourcemap-codec@^1.4.8:
  version "1.4.8"
  resolved "https://registry.yarnpkg.com/sourcemap-codec/-/sourcemap-codec-1.4.8.tgz#ea804bd94857402e6992d05a38ef1ae35a9ab4c4"
  integrity sha512-9NykojV5Uih4lgo5So5dtw+f0JgJX30KCNI8gwhz2J9A15wD0Ml6tjHKwf6fTSa6fAdVBdZeNOs9eJ71qCk8vA==

supports-preserve-symlinks-flag@^1.0.0:
  version "1.0.0"
  resolved "https://registry.yarnpkg.com/supports-preserve-symlinks-flag/-/supports-preserve-symlinks-flag-1.0.0.tgz#6eda4bd344a3c94aea376d4cc31bc77311039e09"
  integrity sha512-ot0WnXS9fgdkgIcePe6RHNk1WA8+muPa6cSjeR3V8K27q9BB1rTE3R1p7Hv0z1ZyAc8s6Vvv8DIyWf681MAt0w==

vite@^2.8.1:
  version "2.9.1"
  resolved "https://registry.yarnpkg.com/vite/-/vite-2.9.1.tgz#84bce95fae210a7beb566a0af06246748066b48f"
  integrity sha512-vSlsSdOYGcYEJfkQ/NeLXgnRv5zZfpAsdztkIrs7AZHV8RCMZQkwjo4DS5BnrYTqoWqLoUe1Cah4aVO4oNNqCQ==
  dependencies:
    esbuild "^0.14.27"
    postcss "^8.4.12"
    resolve "^1.22.0"
    rollup "^2.59.0"
  optionalDependencies:
    fsevents "~2.3.2"

vitepress@^0.22.3:
  version "0.22.3"
  resolved "https://registry.yarnpkg.com/vitepress/-/vitepress-0.22.3.tgz#5d29741497fa4dd4d08e65d529310cf92897b52f"
  integrity sha512-Yfvu/rent2vp/TXIDZMutS6ft2TJPn4xngS48PYFWDEbuFI2ccUAXM481lF1qVVnCKxfh4g8e/KPvevSJdg1Bw==
  dependencies:
    "@docsearch/css" "^3.0.0-alpha.41"
    "@docsearch/js" "^3.0.0-alpha.41"
    "@vitejs/plugin-vue" "^2.2.0"
    prismjs "^1.25.0"
    vite "^2.8.1"
    vue "^3.2.31"

vue@^3.2.31:
  version "3.2.31"
  resolved "https://registry.yarnpkg.com/vue/-/vue-3.2.31.tgz#e0c49924335e9f188352816788a4cca10f817ce6"
  integrity sha512-odT3W2tcffTiQCy57nOT93INw1auq5lYLLYtWpPYQQYQOOdHiqFct9Xhna6GJ+pJQaF67yZABraH47oywkJgFw==
  dependencies:
    "@vue/compiler-dom" "3.2.31"
    "@vue/compiler-sfc" "3.2.31"
    "@vue/runtime-dom" "3.2.31"
    "@vue/server-renderer" "3.2.31"
    "@vue/shared" "3.2.31"
